
Microsoft Visual Studio Solution File, Format Version 12.00
# Visual Studio Version 17
VisualStudioVersion = 17.0.31912.275
MinimumVisualStudioVersion = 10.0.40219.1
Project("{FAE04EC0-301F-11D3-BF4B-00C04F79EFBC}") = "ITMO.CSharp.Forms.Lab01.Exercise02", "ITMO.CSharp.Forms.Lab01.Exercise02\ITMO.CSharp.Forms.Lab01.Exercise02.csproj", "{4D21B27E-4822-4A27-AAFD-7B7B87025017}"
EndProject
Global
	GlobalSection(SolutionConfigurationPlatforms) = preSolution
		Debug|Any CPU = Debug|Any CPU
		Release|Any CPU = Release|Any CPU
	EndGlobalSection
	GlobalSection(ProjectConfigurationPlatforms) = postSolution
		{4D21B27E-4822-4A27-AAFD-7B7B87025017}.Debug|Any CPU.ActiveCfg = Debug|Any CPU
		{4D21B27E-4822-4A27-AAFD-7B7B87025017}.Debug|Any CPU.Build.0 = Debug|Any CPU
		{4D21B27E-4822-4A27-AAFD-7B7B87025017}.Release|Any CPU.ActiveCfg = Release|Any CPU
		{4D21B27E-4822-4A27-AAFD-7B7B87025017}.Release|Any CPU.Build.0 = Release|Any CPU
	EndGlobalSection
	GlobalSection(SolutionProperties) = preSolution
		HideSolutionNode = FALSE
	EndGlobalSection
	GlobalSection(ExtensibilityGlobals) = postSolution
		SolutionGuid = {DFDF0E40-B66E-430B-8EC5-B51637C2699B}
	EndGlobalSection
EndGlobal
