
Microsoft Visual Studio Solution File, Format Version 12.00
# Visual Studio Version 17
VisualStudioVersion = 17.0.31912.275
MinimumVisualStudioVersion = 10.0.40219.1
Project("{2150E333-8FDC-42A3-9474-1A3956D46DE8}") = "ITMO.CSharp.Lab01.DividerAndGreetings", "ITMO.CSharp.Lab01.DividerAndGreetings", "{CC65C15E-60CD-4302-993A-CA0105560928}"
EndProject
Project("{2150E333-8FDC-42A3-9474-1A3956D46DE8}") = "ITMO.CSharp.Lab02.BankAccountAndStructType", "ITMO.CSharp.Lab02.BankAccountAndStructType", "{B2E2F9C6-95C3-4F13-998D-7531595530BB}"
EndProject
Project("{2150E333-8FDC-42A3-9474-1A3956D46DE8}") = "ITMO.CSharp.Lab03.WhatDay1And2And3", "ITMO.CSharp.Lab03.WhatDay1And2And3", "{7444F8B8-E10A-40E9-9CE1-FEA01EA317DE}"
EndProject
Project("{2150E333-8FDC-42A3-9474-1A3956D46DE8}") = "ITMO.CSharp.Lab04.SwapAndGreater", "ITMO.CSharp.Lab04.SwapAndGreater", "{F3C40066-8D39-4244-B228-32B929AE12F4}"
EndProject
Project("{2150E333-8FDC-42A3-9474-1A3956D46DE8}") = "ITMO.CSharp.Lab06.CreateAccountAndUniqueNumbers", "ITMO.CSharp.Lab06.CreateAccountAndUniqueNumbers", "{B2E8ED6F-9300-45C2-8C34-0F0BFE8FFB54}"
EndProject
Project("{2150E333-8FDC-42A3-9474-1A3956D46DE8}") = "ITMO.CSharp.Lab05.FileDetailsAndSimpleArgs", "ITMO.CSharp.Lab05.FileDetailsAndSimpleArgs", "{85F32541-5F31-4137-93C0-B13707D0C125}"
EndProject
Project("{FAE04EC0-301F-11D3-BF4B-00C04F79EFBC}") = "ITMO.CSharp.Lab01.Divider", "ITMO.CSharp.Lab01.DividerAndGreetings\ITMO.CSharp.Lab01.Divider\ITMO.CSharp.Lab01.Divider.csproj", "{2B0C962C-B6B7-4A74-A913-3C5C11741D60}"
EndProject
Project("{FAE04EC0-301F-11D3-BF4B-00C04F79EFBC}") = "ITMO.CSharp.Lab01.Greetings", "ITMO.CSharp.Lab01.DividerAndGreetings\ITMO.CSharp.Lab01.Greetings\ITMO.CSharp.Lab01.Greetings.csproj", "{FC2835C0-3FA7-4D45-BAE9-67A7BCCA5ED2}"
EndProject
Project("{FAE04EC0-301F-11D3-BF4B-00C04F79EFBC}") = "ITMO.CSharp.Lab02.BankAccount", "ITMO.CSharp.Lab02.BankAccountAndStructType\ITMO.CSharp.Lab02.BankAccount\ITMO.CSharp.Lab02.BankAccount.csproj", "{75869EA4-8465-4122-AE63-0913DE73322A}"
EndProject
Project("{FAE04EC0-301F-11D3-BF4B-00C04F79EFBC}") = "ITMO.CSharp.Lab02.StructType", "ITMO.CSharp.Lab02.BankAccountAndStructType\ITMO.CSharp.Lab02.StructType\ITMO.CSharp.Lab02.StructType.csproj", "{2F6B745D-22F0-45EC-AEC2-C29D7F766A9B}"
EndProject
Project("{FAE04EC0-301F-11D3-BF4B-00C04F79EFBC}") = "ITMO.CSharp.Lab03.WhatDay1", "ITMO.CSharp.Lab03.WhatDay1AndWhatDay2AndWhatDay3\ITMO.CSharp.Lab03.WhatDay1\ITMO.CSharp.Lab03.WhatDay1.csproj", "{4BB53959-CD3B-4687-8AD5-8EFCFB7EB0BE}"
EndProject
Project("{FAE04EC0-301F-11D3-BF4B-00C04F79EFBC}") = "ITMO.CSharp.Lab03.WhatDay2", "ITMO.CSharp.Lab03.WhatDay1AndWhatDay2AndWhatDay3\ITMO.CSharp.Lab03.WhatDay2\ITMO.CSharp.Lab03.WhatDay2.csproj", "{28FCD659-E219-4476-A53B-902C5C8F755B}"
EndProject
Project("{FAE04EC0-301F-11D3-BF4B-00C04F79EFBC}") = "ITMO.CSharp.Lab03.WhatDay3", "ITMO.CSharp.Lab03.WhatDay1AndWhatDay2AndWhatDay3\ITMO.CSharp.Lab03.WhatDay3\ITMO.CSharp.Lab03.WhatDay3.csproj", "{29C35B78-4069-4733-9E16-0A6DD6A0E9E0}"
EndProject
Project("{FAE04EC0-301F-11D3-BF4B-00C04F79EFBC}") = "ITMO.CSharp.Lab04.Swap", "ITMO.CSharp.Lab04.SwapAndGreater\ITMO.CSharp.Lab04.Swap\ITMO.CSharp.Lab04.Swap.csproj", "{993C0DF7-E557-42C4-AA87-2095BC22B9D5}"
EndProject
Project("{FAE04EC0-301F-11D3-BF4B-00C04F79EFBC}") = "ITMO.CSharp.Lab05.FileDetails", "ITMO.CSharp.Lab05.FileDetails\ITMO.CSharp.Lab05.FileDetails\ITMO.CSharp.Lab05.FileDetails.csproj", "{0D4C52D9-7840-47F2-BB80-3A22661DBCD8}"
EndProject
Project("{FAE04EC0-301F-11D3-BF4B-00C04F79EFBC}") = "ITMO.CSharp.Lab05.SimpleArgs", "ITMO.CSharp.Lab05.FileDetails\ITMO.CSharp.Lab05.SimpleArgs\ITMO.CSharp.Lab05.SimpleArgs.csproj", "{146EA93C-9B89-40CD-97A3-0DBAB4D534C3}"
EndProject
Project("{FAE04EC0-301F-11D3-BF4B-00C04F79EFBC}") = "ITMO.CSharp.Lab04.Greater", "ITMO.CSharp.Lab04.SwapAndGreater\ITMO.CSharp.Lab04.Greater\ITMO.CSharp.Lab04.Greater.csproj", "{9CD1059A-64A8-4242-8320-4B57BF60C508}"
EndProject
Project("{FAE04EC0-301F-11D3-BF4B-00C04F79EFBC}") = "ITMO.CSharp.Lab06.CreateAccount", "ITMO.CSharp.Lab06.CreateAccountAndUniqueNumbers\ITMO.CSharp.Lab06.CreateAccount\ITMO.CSharp.Lab06.CreateAccount.csproj", "{ECD718A4-AE24-4182-BF31-30BA3A3C174A}"
EndProject
Project("{FAE04EC0-301F-11D3-BF4B-00C04F79EFBC}") = "ITMO.CSharp.Lab06.UniqueNumbers", "ITMO.CSharp.Lab06.CreateAccountAndUniqueNumbers\ITMO.CSharp.Lab06.UniqueNumbers\ITMO.CSharp.Lab06.UniqueNumbers.csproj", "{C77134E5-52B3-4CB8-A5C0-7C9C651A400A}"
EndProject
Project("{2150E333-8FDC-42A3-9474-1A3956D46DE8}") = "ITMO.CSharp.Lab07.TransferFromAndReverseString", "ITMO.CSharp.Lab07.TransferFromAndReverseString", "{5B6248A8-B9F6-4993-841A-4DE505FA1C6B}"
EndProject
Project("{2150E333-8FDC-42A3-9474-1A3956D46DE8}") = "ITMO.CSharp.Lab08.ConstructorsAndBankTransaction", "ITMO.CSharp.Lab08.ConstructorsAndBankTransaction", "{F93AF944-296D-4EEE-9F22-70522D7CF6E3}"
EndProject
Project("{FAE04EC0-301F-11D3-BF4B-00C04F79EFBC}") = "ITMO.CSharp.Lab08.Constructors", "ITMO.CSharp.Lab08.ConstructorsAndBankTransaction\ITMO.CSharp.Lab08.Constructors\ITMO.CSharp.Lab08.Constructors.csproj", "{84EAE612-3886-4325-99AC-66F73B8932DD}"
EndProject
Project("{FAE04EC0-301F-11D3-BF4B-00C04F79EFBC}") = "ITMO.CSharp.Lab08.BankTransaction", "ITMO.CSharp.Lab08.ConstructorsAndBankTransaction\ITMO.CSharp.Lab08.BankTransaction\ITMO.CSharp.Lab08.BankTransaction.csproj", "{7C17AE70-67E8-4311-B9C8-D9C2CBE0572B}"
EndProject
Project("{FAE04EC0-301F-11D3-BF4B-00C04F79EFBC}") = "ITMO.CSharp.Lab07.TransferFrom", "ITMO.CSharp.Lab07.TransferFromAndReverseString\ITMO.CSharp.Lab07.TransferFrom\ITMO.CSharp.Lab07.TransferFrom.csproj", "{ABFD5644-654C-4839-9A39-E722ECA5834C}"
EndProject
Project("{FAE04EC0-301F-11D3-BF4B-00C04F79EFBC}") = "ITMO.CSharp.Lab07.ReverseString", "ITMO.CSharp.Lab07.TransferFromAndReverseString\ITMO.CSharp.Lab07.ReverseString\ITMO.CSharp.Lab07.ReverseString\ITMO.CSharp.Lab07.ReverseString.csproj", "{62F053BA-E695-4FD3-BB37-F3976224C44C}"
EndProject
Project("{2150E333-8FDC-42A3-9474-1A3956D46DE8}") = "ITMO.CSharp.Lab09.ColorTokeniser", "ITMO.CSharp.Lab09.ColorTokeniser", "{A574A4A4-778B-45B0-AC66-CB8409024DF7}"
EndProject
Project("{FAE04EC0-301F-11D3-BF4B-00C04F79EFBC}") = "ITMO.CSharp.Lab09.ColorTokeniser", "ITMO.CSharp.Lab09.ColorTokeniser\ITMO.CSharp.Lab09.ColorTokeniser.csproj", "{11A36988-371D-458D-BC4C-B2B29409E957}"
EndProject
Project("{2150E333-8FDC-42A3-9474-1A3956D46DE8}") = "ITMO.CSharp.Lab09.Exercise1AndExercise2", "ITMO.CSharp.Lab09.Exercise1AndExercise2", "{4479EF75-9D15-46F4-A342-A00770DE6455}"
EndProject
Project("{FAE04EC0-301F-11D3-BF4B-00C04F79EFBC}") = "ITMO.CSharp.Lab10.Exercise1", "ITMO.CSharp.Lab10.Exercise1AndExercise2\ITMO.CSharp.Lab10.Exercise1\ITMO.CSharp.Lab10.Exercise1.csproj", "{EBC7B42B-8344-4480-8CB3-DA9CA0B2517B}"
EndProject
Project("{FAE04EC0-301F-11D3-BF4B-00C04F79EFBC}") = "ITMO.CSharp.Lab10.Exercise2", "ITMO.CSharp.Lab10.Exercise1AndExercise2\ITMO.CSharp.Lab10.Exercise2\ITMO.CSharp.Lab10.Exercise2.csproj", "{AF7FB93D-650D-40AE-A5AD-96E0D758BBA5}"
EndProject
Global
	GlobalSection(SolutionConfigurationPlatforms) = preSolution
		Debug|Any CPU = Debug|Any CPU
		Release|Any CPU = Release|Any CPU
	EndGlobalSection
	GlobalSection(ProjectConfigurationPlatforms) = postSolution
		{2B0C962C-B6B7-4A74-A913-3C5C11741D60}.Debug|Any CPU.ActiveCfg = Debug|Any CPU
		{2B0C962C-B6B7-4A74-A913-3C5C11741D60}.Debug|Any CPU.Build.0 = Debug|Any CPU
		{2B0C962C-B6B7-4A74-A913-3C5C11741D60}.Release|Any CPU.ActiveCfg = Release|Any CPU
		{2B0C962C-B6B7-4A74-A913-3C5C11741D60}.Release|Any CPU.Build.0 = Release|Any CPU
		{FC2835C0-3FA7-4D45-BAE9-67A7BCCA5ED2}.Debug|Any CPU.ActiveCfg = Debug|Any CPU
		{FC2835C0-3FA7-4D45-BAE9-67A7BCCA5ED2}.Debug|Any CPU.Build.0 = Debug|Any CPU
		{FC2835C0-3FA7-4D45-BAE9-67A7BCCA5ED2}.Release|Any CPU.ActiveCfg = Release|Any CPU
		{FC2835C0-3FA7-4D45-BAE9-67A7BCCA5ED2}.Release|Any CPU.Build.0 = Release|Any CPU
		{75869EA4-8465-4122-AE63-0913DE73322A}.Debug|Any CPU.ActiveCfg = Debug|Any CPU
		{75869EA4-8465-4122-AE63-0913DE73322A}.Debug|Any CPU.Build.0 = Debug|Any CPU
		{75869EA4-8465-4122-AE63-0913DE73322A}.Release|Any CPU.ActiveCfg = Release|Any CPU
		{75869EA4-8465-4122-AE63-0913DE73322A}.Release|Any CPU.Build.0 = Release|Any CPU
		{2F6B745D-22F0-45EC-AEC2-C29D7F766A9B}.Debug|Any CPU.ActiveCfg = Debug|Any CPU
		{2F6B745D-22F0-45EC-AEC2-C29D7F766A9B}.Debug|Any CPU.Build.0 = Debug|Any CPU
		{2F6B745D-22F0-45EC-AEC2-C29D7F766A9B}.Release|Any CPU.ActiveCfg = Release|Any CPU
		{2F6B745D-22F0-45EC-AEC2-C29D7F766A9B}.Release|Any CPU.Build.0 = Release|Any CPU
		{4BB53959-CD3B-4687-8AD5-8EFCFB7EB0BE}.Debug|Any CPU.ActiveCfg = Debug|Any CPU
		{4BB53959-CD3B-4687-8AD5-8EFCFB7EB0BE}.Debug|Any CPU.Build.0 = Debug|Any CPU
		{4BB53959-CD3B-4687-8AD5-8EFCFB7EB0BE}.Release|Any CPU.ActiveCfg = Release|Any CPU
		{4BB53959-CD3B-4687-8AD5-8EFCFB7EB0BE}.Release|Any CPU.Build.0 = Release|Any CPU
		{28FCD659-E219-4476-A53B-902C5C8F755B}.Debug|Any CPU.ActiveCfg = Debug|Any CPU
		{28FCD659-E219-4476-A53B-902C5C8F755B}.Debug|Any CPU.Build.0 = Debug|Any CPU
		{28FCD659-E219-4476-A53B-902C5C8F755B}.Release|Any CPU.ActiveCfg = Release|Any CPU
		{28FCD659-E219-4476-A53B-902C5C8F755B}.Release|Any CPU.Build.0 = Release|Any CPU
		{29C35B78-4069-4733-9E16-0A6DD6A0E9E0}.Debug|Any CPU.ActiveCfg = Debug|Any CPU
		{29C35B78-4069-4733-9E16-0A6DD6A0E9E0}.Debug|Any CPU.Build.0 = Debug|Any CPU
		{29C35B78-4069-4733-9E16-0A6DD6A0E9E0}.Release|Any CPU.ActiveCfg = Release|Any CPU
		{29C35B78-4069-4733-9E16-0A6DD6A0E9E0}.Release|Any CPU.Build.0 = Release|Any CPU
		{993C0DF7-E557-42C4-AA87-2095BC22B9D5}.Debug|Any CPU.ActiveCfg = Debug|Any CPU
		{993C0DF7-E557-42C4-AA87-2095BC22B9D5}.Debug|Any CPU.Build.0 = Debug|Any CPU
		{993C0DF7-E557-42C4-AA87-2095BC22B9D5}.Release|Any CPU.ActiveCfg = Release|Any CPU
		{993C0DF7-E557-42C4-AA87-2095BC22B9D5}.Release|Any CPU.Build.0 = Release|Any CPU
		{0D4C52D9-7840-47F2-BB80-3A22661DBCD8}.Debug|Any CPU.ActiveCfg = Debug|Any CPU
		{0D4C52D9-7840-47F2-BB80-3A22661DBCD8}.Debug|Any CPU.Build.0 = Debug|Any CPU
		{0D4C52D9-7840-47F2-BB80-3A22661DBCD8}.Release|Any CPU.ActiveCfg = Release|Any CPU
		{0D4C52D9-7840-47F2-BB80-3A22661DBCD8}.Release|Any CPU.Build.0 = Release|Any CPU
		{146EA93C-9B89-40CD-97A3-0DBAB4D534C3}.Debug|Any CPU.ActiveCfg = Debug|Any CPU
		{146EA93C-9B89-40CD-97A3-0DBAB4D534C3}.Debug|Any CPU.Build.0 = Debug|Any CPU
		{146EA93C-9B89-40CD-97A3-0DBAB4D534C3}.Release|Any CPU.ActiveCfg = Release|Any CPU
		{146EA93C-9B89-40CD-97A3-0DBAB4D534C3}.Release|Any CPU.Build.0 = Release|Any CPU
		{9CD1059A-64A8-4242-8320-4B57BF60C508}.Debug|Any CPU.ActiveCfg = Debug|Any CPU
		{9CD1059A-64A8-4242-8320-4B57BF60C508}.Debug|Any CPU.Build.0 = Debug|Any CPU
		{9CD1059A-64A8-4242-8320-4B57BF60C508}.Release|Any CPU.ActiveCfg = Release|Any CPU
		{9CD1059A-64A8-4242-8320-4B57BF60C508}.Release|Any CPU.Build.0 = Release|Any CPU
		{ECD718A4-AE24-4182-BF31-30BA3A3C174A}.Debug|Any CPU.ActiveCfg = Debug|Any CPU
		{ECD718A4-AE24-4182-BF31-30BA3A3C174A}.Debug|Any CPU.Build.0 = Debug|Any CPU
		{ECD718A4-AE24-4182-BF31-30BA3A3C174A}.Release|Any CPU.ActiveCfg = Release|Any CPU
		{ECD718A4-AE24-4182-BF31-30BA3A3C174A}.Release|Any CPU.Build.0 = Release|Any CPU
		{C77134E5-52B3-4CB8-A5C0-7C9C651A400A}.Debug|Any CPU.ActiveCfg = Debug|Any CPU
		{C77134E5-52B3-4CB8-A5C0-7C9C651A400A}.Debug|Any CPU.Build.0 = Debug|Any CPU
		{C77134E5-52B3-4CB8-A5C0-7C9C651A400A}.Release|Any CPU.ActiveCfg = Release|Any CPU
		{C77134E5-52B3-4CB8-A5C0-7C9C651A400A}.Release|Any CPU.Build.0 = Release|Any CPU
		{84EAE612-3886-4325-99AC-66F73B8932DD}.Debug|Any CPU.ActiveCfg = Debug|Any CPU
		{84EAE612-3886-4325-99AC-66F73B8932DD}.Debug|Any CPU.Build.0 = Debug|Any CPU
		{84EAE612-3886-4325-99AC-66F73B8932DD}.Release|Any CPU.ActiveCfg = Release|Any CPU
		{84EAE612-3886-4325-99AC-66F73B8932DD}.Release|Any CPU.Build.0 = Release|Any CPU
		{7C17AE70-67E8-4311-B9C8-D9C2CBE0572B}.Debug|Any CPU.ActiveCfg = Debug|Any CPU
		{7C17AE70-67E8-4311-B9C8-D9C2CBE0572B}.Debug|Any CPU.Build.0 = Debug|Any CPU
		{7C17AE70-67E8-4311-B9C8-D9C2CBE0572B}.Release|Any CPU.ActiveCfg = Release|Any CPU
		{7C17AE70-67E8-4311-B9C8-D9C2CBE0572B}.Release|Any CPU.Build.0 = Release|Any CPU
		{ABFD5644-654C-4839-9A39-E722ECA5834C}.Debug|Any CPU.ActiveCfg = Debug|Any CPU
		{ABFD5644-654C-4839-9A39-E722ECA5834C}.Debug|Any CPU.Build.0 = Debug|Any CPU
		{ABFD5644-654C-4839-9A39-E722ECA5834C}.Release|Any CPU.ActiveCfg = Release|Any CPU
		{ABFD5644-654C-4839-9A39-E722ECA5834C}.Release|Any CPU.Build.0 = Release|Any CPU
		{62F053BA-E695-4FD3-BB37-F3976224C44C}.Debug|Any CPU.ActiveCfg = Debug|Any CPU
		{62F053BA-E695-4FD3-BB37-F3976224C44C}.Debug|Any CPU.Build.0 = Debug|Any CPU
		{62F053BA-E695-4FD3-BB37-F3976224C44C}.Release|Any CPU.ActiveCfg = Release|Any CPU
		{62F053BA-E695-4FD3-BB37-F3976224C44C}.Release|Any CPU.Build.0 = Release|Any CPU
		{11A36988-371D-458D-BC4C-B2B29409E957}.Debug|Any CPU.ActiveCfg = Debug|Any CPU
		{11A36988-371D-458D-BC4C-B2B29409E957}.Debug|Any CPU.Build.0 = Debug|Any CPU
		{11A36988-371D-458D-BC4C-B2B29409E957}.Release|Any CPU.ActiveCfg = Release|Any CPU
		{11A36988-371D-458D-BC4C-B2B29409E957}.Release|Any CPU.Build.0 = Release|Any CPU
		{EBC7B42B-8344-4480-8CB3-DA9CA0B2517B}.Debug|Any CPU.ActiveCfg = Debug|Any CPU
		{EBC7B42B-8344-4480-8CB3-DA9CA0B2517B}.Debug|Any CPU.Build.0 = Debug|Any CPU
		{EBC7B42B-8344-4480-8CB3-DA9CA0B2517B}.Release|Any CPU.ActiveCfg = Release|Any CPU
		{EBC7B42B-8344-4480-8CB3-DA9CA0B2517B}.Release|Any CPU.Build.0 = Release|Any CPU
		{AF7FB93D-650D-40AE-A5AD-96E0D758BBA5}.Debug|Any CPU.ActiveCfg = Debug|Any CPU
		{AF7FB93D-650D-40AE-A5AD-96E0D758BBA5}.Debug|Any CPU.Build.0 = Debug|Any CPU
		{AF7FB93D-650D-40AE-A5AD-96E0D758BBA5}.Release|Any CPU.ActiveCfg = Release|Any CPU
		{AF7FB93D-650D-40AE-A5AD-96E0D758BBA5}.Release|Any CPU.Build.0 = Release|Any CPU
	EndGlobalSection
	GlobalSection(SolutionProperties) = preSolution
		HideSolutionNode = FALSE
	EndGlobalSection
	GlobalSection(NestedProjects) = preSolution
		{2B0C962C-B6B7-4A74-A913-3C5C11741D60} = {CC65C15E-60CD-4302-993A-CA0105560928}
		{FC2835C0-3FA7-4D45-BAE9-67A7BCCA5ED2} = {CC65C15E-60CD-4302-993A-CA0105560928}
		{75869EA4-8465-4122-AE63-0913DE73322A} = {B2E2F9C6-95C3-4F13-998D-7531595530BB}
		{2F6B745D-22F0-45EC-AEC2-C29D7F766A9B} = {B2E2F9C6-95C3-4F13-998D-7531595530BB}
		{4BB53959-CD3B-4687-8AD5-8EFCFB7EB0BE} = {7444F8B8-E10A-40E9-9CE1-FEA01EA317DE}
		{28FCD659-E219-4476-A53B-902C5C8F755B} = {7444F8B8-E10A-40E9-9CE1-FEA01EA317DE}
		{29C35B78-4069-4733-9E16-0A6DD6A0E9E0} = {7444F8B8-E10A-40E9-9CE1-FEA01EA317DE}
		{993C0DF7-E557-42C4-AA87-2095BC22B9D5} = {F3C40066-8D39-4244-B228-32B929AE12F4}
		{0D4C52D9-7840-47F2-BB80-3A22661DBCD8} = {85F32541-5F31-4137-93C0-B13707D0C125}
		{146EA93C-9B89-40CD-97A3-0DBAB4D534C3} = {85F32541-5F31-4137-93C0-B13707D0C125}
		{9CD1059A-64A8-4242-8320-4B57BF60C508} = {F3C40066-8D39-4244-B228-32B929AE12F4}
		{ECD718A4-AE24-4182-BF31-30BA3A3C174A} = {B2E8ED6F-9300-45C2-8C34-0F0BFE8FFB54}
		{C77134E5-52B3-4CB8-A5C0-7C9C651A400A} = {B2E8ED6F-9300-45C2-8C34-0F0BFE8FFB54}
		{84EAE612-3886-4325-99AC-66F73B8932DD} = {F93AF944-296D-4EEE-9F22-70522D7CF6E3}
		{7C17AE70-67E8-4311-B9C8-D9C2CBE0572B} = {F93AF944-296D-4EEE-9F22-70522D7CF6E3}
		{ABFD5644-654C-4839-9A39-E722ECA5834C} = {5B6248A8-B9F6-4993-841A-4DE505FA1C6B}
		{62F053BA-E695-4FD3-BB37-F3976224C44C} = {5B6248A8-B9F6-4993-841A-4DE505FA1C6B}
		{11A36988-371D-458D-BC4C-B2B29409E957} = {A574A4A4-778B-45B0-AC66-CB8409024DF7}
		{EBC7B42B-8344-4480-8CB3-DA9CA0B2517B} = {4479EF75-9D15-46F4-A342-A00770DE6455}
		{AF7FB93D-650D-40AE-A5AD-96E0D758BBA5} = {4479EF75-9D15-46F4-A342-A00770DE6455}
	EndGlobalSection
	GlobalSection(ExtensibilityGlobals) = postSolution
		SolutionGuid = {006145DA-7D1D-4D3F-9AE6-FBE42F9178C5}
	EndGlobalSection
EndGlobal
