
Microsoft Visual Studio Solution File, Format Version 12.00
# Visual Studio Version 17
VisualStudioVersion = 17.0.31912.275
MinimumVisualStudioVersion = 10.0.40219.1
Project("{2150E333-8FDC-42A3-9474-1A3956D46DE8}") = "ITMO.DevFound", "ITMO.DevFound", "{0C0E58AE-31A8-415A-B74B-986FAEF2EDE9}"
EndProject
Project("{FAE04EC0-301F-11D3-BF4B-00C04F79EFBC}") = "ITMO.DevFound.Lab01", "ITMO.DevFound\Lab01\ITMO.DevFound.Lab01.csproj", "{8268A92D-8699-48D5-B99B-170CBBF3E919}"
EndProject
Project("{FAE04EC0-301F-11D3-BF4B-00C04F79EFBC}") = "ITMO.DevFound.Lab02", "ITMO.DevFound\Lab02\ITMO.DevFound.Lab02.csproj", "{E5278907-490E-42FC-A31B-CA1CAE882AA3}"
EndProject
Project("{2150E333-8FDC-42A3-9474-1A3956D46DE8}") = "ITMO.CSharp", "ITMO.CSharp", "{FAE3DBCB-4B30-4A86-BAB4-84C846C653B7}"
EndProject
Project("{2150E333-8FDC-42A3-9474-1A3956D46DE8}") = "Lab01", "Lab01", "{095A5E6B-2FE5-498A-AC4F-0AB92A7D514E}"
EndProject
Project("{FAE04EC0-301F-11D3-BF4B-00C04F79EFBC}") = "ITMO.CSharp.Lab01.Divider", "ITMO.CSharp\Lab01\ITMO.CSharp.Lab01.Divider\ITMO.CSharp.Lab01.Divider.csproj", "{C4323E6E-3FF7-4BAD-B634-F2859F26A603}"
EndProject
Project("{FAE04EC0-301F-11D3-BF4B-00C04F79EFBC}") = "ITMO.CSharp.Lab01.Greetings", "ITMO.CSharp\Lab01\ITMO.CSharp.Lab01.Greetings\ITMO.CSharp.Lab01.Greetings.csproj", "{A1E27FD3-40D9-4405-A01D-D4E71427AB2E}"
EndProject
Project("{2150E333-8FDC-42A3-9474-1A3956D46DE8}") = "Lab02", "Lab02", "{09D64F90-1F7A-4BBA-9DE8-9F998A004401}"
EndProject
Project("{FAE04EC0-301F-11D3-BF4B-00C04F79EFBC}") = "ITMO.CSharp.Lab02.BankAccount", "ITMO.CSharp\Lab02\ITMO.CSharp.Lab02.BankAccount\ITMO.CSharp.Lab02.BankAccount.csproj", "{A8FC288F-4598-47B4-9DE0-465F457C9CB1}"
EndProject
Project("{FAE04EC0-301F-11D3-BF4B-00C04F79EFBC}") = "ITMO.CSharp.Lab02.StructType", "ITMO.CSharp\Lab02\ITMO.CSharp.Lab02.StructType\ITMO.CSharp.Lab02.StructType.csproj", "{AEECB268-CA2A-4F24-961E-7BC871FD3802}"
EndProject
Project("{2150E333-8FDC-42A3-9474-1A3956D46DE8}") = "Lab03", "Lab03", "{316B396A-AFFD-4427-821C-AE271CBCB1D5}"
EndProject
Project("{FAE04EC0-301F-11D3-BF4B-00C04F79EFBC}") = "ITMO.CSharp.Lab03.WhatDay1", "ITMO.CSharp\Lab03\ITMO.CSharp.Lab03.WhatDay1\ITMO.CSharp.Lab03.WhatDay1.csproj", "{DED6300A-F5C9-41F1-8A65-DCE6C5A2357C}"
EndProject
Project("{FAE04EC0-301F-11D3-BF4B-00C04F79EFBC}") = "ITMO.CSharp.Lab03.WhatDay2", "ITMO.CSharp\Lab03\ITMO.CSharp.Lab03.WhatDay2\ITMO.CSharp.Lab03.WhatDay2.csproj", "{642A9363-C3E0-4EF0-B5F3-F80E10A67866}"
EndProject
Project("{FAE04EC0-301F-11D3-BF4B-00C04F79EFBC}") = "ITMO.CSharp.Lab03.WhatDay3", "ITMO.CSharp\Lab03\ITMO.CSharp.Lab03.WhatDay3\ITMO.CSharp.Lab03.WhatDay3.csproj", "{4FFF3D26-ECBB-4DF2-8DDE-743D159446C5}"
EndProject
Project("{2150E333-8FDC-42A3-9474-1A3956D46DE8}") = "Lab04", "Lab04", "{B514DF05-BF53-40EE-82C2-E8F58F5C65EA}"
EndProject
Project("{FAE04EC0-301F-11D3-BF4B-00C04F79EFBC}") = "ITMO.CSharp.Lab04.Swap", "ITMO.CSharp\Lab04\ITMO.CSharp.Lab04.Swap\ITMO.CSharp.Lab04.Swap.csproj", "{D43CB7EB-CA16-4C33-BEBA-8258B67E2F03}"
EndProject
Project("{FAE04EC0-301F-11D3-BF4B-00C04F79EFBC}") = "ITMO.CSharp.Lab04.Utils", "ITMO.CSharp\Lab04\ITMO.CSharp.Lab04.Utils\ITMO.CSharp.Lab04.Utils.csproj", "{945C32D1-B827-40A5-874B-7C3A7ADB89F2}"
EndProject
Global
	GlobalSection(SolutionConfigurationPlatforms) = preSolution
		Debug|Any CPU = Debug|Any CPU
		Release|Any CPU = Release|Any CPU
	EndGlobalSection
	GlobalSection(ProjectConfigurationPlatforms) = postSolution
		{8268A92D-8699-48D5-B99B-170CBBF3E919}.Debug|Any CPU.ActiveCfg = Debug|Any CPU
		{8268A92D-8699-48D5-B99B-170CBBF3E919}.Debug|Any CPU.Build.0 = Debug|Any CPU
		{8268A92D-8699-48D5-B99B-170CBBF3E919}.Release|Any CPU.ActiveCfg = Release|Any CPU
		{8268A92D-8699-48D5-B99B-170CBBF3E919}.Release|Any CPU.Build.0 = Release|Any CPU
		{E5278907-490E-42FC-A31B-CA1CAE882AA3}.Debug|Any CPU.ActiveCfg = Debug|Any CPU
		{E5278907-490E-42FC-A31B-CA1CAE882AA3}.Debug|Any CPU.Build.0 = Debug|Any CPU
		{E5278907-490E-42FC-A31B-CA1CAE882AA3}.Release|Any CPU.ActiveCfg = Release|Any CPU
		{E5278907-490E-42FC-A31B-CA1CAE882AA3}.Release|Any CPU.Build.0 = Release|Any CPU
		{C4323E6E-3FF7-4BAD-B634-F2859F26A603}.Debug|Any CPU.ActiveCfg = Debug|Any CPU
		{C4323E6E-3FF7-4BAD-B634-F2859F26A603}.Debug|Any CPU.Build.0 = Debug|Any CPU
		{C4323E6E-3FF7-4BAD-B634-F2859F26A603}.Release|Any CPU.ActiveCfg = Release|Any CPU
		{C4323E6E-3FF7-4BAD-B634-F2859F26A603}.Release|Any CPU.Build.0 = Release|Any CPU
		{A1E27FD3-40D9-4405-A01D-D4E71427AB2E}.Debug|Any CPU.ActiveCfg = Debug|Any CPU
		{A1E27FD3-40D9-4405-A01D-D4E71427AB2E}.Debug|Any CPU.Build.0 = Debug|Any CPU
		{A1E27FD3-40D9-4405-A01D-D4E71427AB2E}.Release|Any CPU.ActiveCfg = Release|Any CPU
		{A1E27FD3-40D9-4405-A01D-D4E71427AB2E}.Release|Any CPU.Build.0 = Release|Any CPU
		{A8FC288F-4598-47B4-9DE0-465F457C9CB1}.Debug|Any CPU.ActiveCfg = Debug|Any CPU
		{A8FC288F-4598-47B4-9DE0-465F457C9CB1}.Debug|Any CPU.Build.0 = Debug|Any CPU
		{A8FC288F-4598-47B4-9DE0-465F457C9CB1}.Release|Any CPU.ActiveCfg = Release|Any CPU
		{A8FC288F-4598-47B4-9DE0-465F457C9CB1}.Release|Any CPU.Build.0 = Release|Any CPU
		{AEECB268-CA2A-4F24-961E-7BC871FD3802}.Debug|Any CPU.ActiveCfg = Debug|Any CPU
		{AEECB268-CA2A-4F24-961E-7BC871FD3802}.Debug|Any CPU.Build.0 = Debug|Any CPU
		{AEECB268-CA2A-4F24-961E-7BC871FD3802}.Release|Any CPU.ActiveCfg = Release|Any CPU
		{AEECB268-CA2A-4F24-961E-7BC871FD3802}.Release|Any CPU.Build.0 = Release|Any CPU
		{DED6300A-F5C9-41F1-8A65-DCE6C5A2357C}.Debug|Any CPU.ActiveCfg = Debug|Any CPU
		{DED6300A-F5C9-41F1-8A65-DCE6C5A2357C}.Debug|Any CPU.Build.0 = Debug|Any CPU
		{DED6300A-F5C9-41F1-8A65-DCE6C5A2357C}.Release|Any CPU.ActiveCfg = Release|Any CPU
		{DED6300A-F5C9-41F1-8A65-DCE6C5A2357C}.Release|Any CPU.Build.0 = Release|Any CPU
		{642A9363-C3E0-4EF0-B5F3-F80E10A67866}.Debug|Any CPU.ActiveCfg = Debug|Any CPU
		{642A9363-C3E0-4EF0-B5F3-F80E10A67866}.Debug|Any CPU.Build.0 = Debug|Any CPU
		{642A9363-C3E0-4EF0-B5F3-F80E10A67866}.Release|Any CPU.ActiveCfg = Release|Any CPU
		{642A9363-C3E0-4EF0-B5F3-F80E10A67866}.Release|Any CPU.Build.0 = Release|Any CPU
		{4FFF3D26-ECBB-4DF2-8DDE-743D159446C5}.Debug|Any CPU.ActiveCfg = Debug|Any CPU
		{4FFF3D26-ECBB-4DF2-8DDE-743D159446C5}.Debug|Any CPU.Build.0 = Debug|Any CPU
		{4FFF3D26-ECBB-4DF2-8DDE-743D159446C5}.Release|Any CPU.ActiveCfg = Release|Any CPU
		{4FFF3D26-ECBB-4DF2-8DDE-743D159446C5}.Release|Any CPU.Build.0 = Release|Any CPU
		{D43CB7EB-CA16-4C33-BEBA-8258B67E2F03}.Debug|Any CPU.ActiveCfg = Debug|Any CPU
		{D43CB7EB-CA16-4C33-BEBA-8258B67E2F03}.Debug|Any CPU.Build.0 = Debug|Any CPU
		{D43CB7EB-CA16-4C33-BEBA-8258B67E2F03}.Release|Any CPU.ActiveCfg = Release|Any CPU
		{D43CB7EB-CA16-4C33-BEBA-8258B67E2F03}.Release|Any CPU.Build.0 = Release|Any CPU
		{945C32D1-B827-40A5-874B-7C3A7ADB89F2}.Debug|Any CPU.ActiveCfg = Debug|Any CPU
		{945C32D1-B827-40A5-874B-7C3A7ADB89F2}.Debug|Any CPU.Build.0 = Debug|Any CPU
		{945C32D1-B827-40A5-874B-7C3A7ADB89F2}.Release|Any CPU.ActiveCfg = Release|Any CPU
		{945C32D1-B827-40A5-874B-7C3A7ADB89F2}.Release|Any CPU.Build.0 = Release|Any CPU
	EndGlobalSection
	GlobalSection(SolutionProperties) = preSolution
		HideSolutionNode = FALSE
	EndGlobalSection
	GlobalSection(NestedProjects) = preSolution
		{8268A92D-8699-48D5-B99B-170CBBF3E919} = {0C0E58AE-31A8-415A-B74B-986FAEF2EDE9}
		{E5278907-490E-42FC-A31B-CA1CAE882AA3} = {0C0E58AE-31A8-415A-B74B-986FAEF2EDE9}
		{095A5E6B-2FE5-498A-AC4F-0AB92A7D514E} = {FAE3DBCB-4B30-4A86-BAB4-84C846C653B7}
		{C4323E6E-3FF7-4BAD-B634-F2859F26A603} = {095A5E6B-2FE5-498A-AC4F-0AB92A7D514E}
		{A1E27FD3-40D9-4405-A01D-D4E71427AB2E} = {095A5E6B-2FE5-498A-AC4F-0AB92A7D514E}
		{09D64F90-1F7A-4BBA-9DE8-9F998A004401} = {FAE3DBCB-4B30-4A86-BAB4-84C846C653B7}
		{A8FC288F-4598-47B4-9DE0-465F457C9CB1} = {09D64F90-1F7A-4BBA-9DE8-9F998A004401}
		{AEECB268-CA2A-4F24-961E-7BC871FD3802} = {09D64F90-1F7A-4BBA-9DE8-9F998A004401}
		{316B396A-AFFD-4427-821C-AE271CBCB1D5} = {FAE3DBCB-4B30-4A86-BAB4-84C846C653B7}
		{DED6300A-F5C9-41F1-8A65-DCE6C5A2357C} = {316B396A-AFFD-4427-821C-AE271CBCB1D5}
		{642A9363-C3E0-4EF0-B5F3-F80E10A67866} = {316B396A-AFFD-4427-821C-AE271CBCB1D5}
		{4FFF3D26-ECBB-4DF2-8DDE-743D159446C5} = {316B396A-AFFD-4427-821C-AE271CBCB1D5}
		{B514DF05-BF53-40EE-82C2-E8F58F5C65EA} = {FAE3DBCB-4B30-4A86-BAB4-84C846C653B7}
		{D43CB7EB-CA16-4C33-BEBA-8258B67E2F03} = {B514DF05-BF53-40EE-82C2-E8F58F5C65EA}
		{945C32D1-B827-40A5-874B-7C3A7ADB89F2} = {B514DF05-BF53-40EE-82C2-E8F58F5C65EA}
	EndGlobalSection
	GlobalSection(ExtensibilityGlobals) = postSolution
		SolutionGuid = {27D44049-0693-4B68-81C8-BED5C2783D95}
	EndGlobalSection
EndGlobal
