
Microsoft Visual Studio Solution File, Format Version 12.00
# Visual Studio Version 17
VisualStudioVersion = 17.0.31912.275
MinimumVisualStudioVersion = 10.0.40219.1
Project("{2150E333-8FDC-42A3-9474-1A3956D46DE8}") = "ITMO.DevFound", "ITMO.DevFound", "{0C0E58AE-31A8-415A-B74B-986FAEF2EDE9}"
EndProject
Project("{FAE04EC0-301F-11D3-BF4B-00C04F79EFBC}") = "ITMO.DevFound.Lab01", "ITMO.DevFound\Lab01\ITMO.DevFound.Lab01.csproj", "{8268A92D-8699-48D5-B99B-170CBBF3E919}"
EndProject
Project("{FAE04EC0-301F-11D3-BF4B-00C04F79EFBC}") = "ITMO.DevFound.Lab02", "ITMO.DevFound\Lab02\ITMO.DevFound.Lab02.csproj", "{E5278907-490E-42FC-A31B-CA1CAE882AA3}"
EndProject
Project("{2150E333-8FDC-42A3-9474-1A3956D46DE8}") = "ITMO.CSharp", "ITMO.CSharp", "{FAE3DBCB-4B30-4A86-BAB4-84C846C653B7}"
EndProject
Project("{2150E333-8FDC-42A3-9474-1A3956D46DE8}") = "Lab01", "Lab01", "{095A5E6B-2FE5-498A-AC4F-0AB92A7D514E}"
EndProject
Project("{FAE04EC0-301F-11D3-BF4B-00C04F79EFBC}") = "ITMO.CSharp.Lab01.Divider", "ITMO.CSharp\Lab01\Divider\ITMO.CSharp.Lab01.Divider\ITMO.CSharp.Lab01.Divider.csproj", "{C4323E6E-3FF7-4BAD-B634-F2859F26A603}"
EndProject
Project("{FAE04EC0-301F-11D3-BF4B-00C04F79EFBC}") = "ITMO.CSharp.Lab01.Greetings", "ITMO.CSharp\Lab01\Greetings\ITMO.CSharp.Lab01.Greetings\ITMO.CSharp.Lab01.Greetings.csproj", "{A1E27FD3-40D9-4405-A01D-D4E71427AB2E}"
EndProject
Global
	GlobalSection(SolutionConfigurationPlatforms) = preSolution
		Debug|Any CPU = Debug|Any CPU
		Release|Any CPU = Release|Any CPU
	EndGlobalSection
	GlobalSection(ProjectConfigurationPlatforms) = postSolution
		{8268A92D-8699-48D5-B99B-170CBBF3E919}.Debug|Any CPU.ActiveCfg = Debug|Any CPU
		{8268A92D-8699-48D5-B99B-170CBBF3E919}.Debug|Any CPU.Build.0 = Debug|Any CPU
		{8268A92D-8699-48D5-B99B-170CBBF3E919}.Release|Any CPU.ActiveCfg = Release|Any CPU
		{8268A92D-8699-48D5-B99B-170CBBF3E919}.Release|Any CPU.Build.0 = Release|Any CPU
		{E5278907-490E-42FC-A31B-CA1CAE882AA3}.Debug|Any CPU.ActiveCfg = Debug|Any CPU
		{E5278907-490E-42FC-A31B-CA1CAE882AA3}.Debug|Any CPU.Build.0 = Debug|Any CPU
		{E5278907-490E-42FC-A31B-CA1CAE882AA3}.Release|Any CPU.ActiveCfg = Release|Any CPU
		{E5278907-490E-42FC-A31B-CA1CAE882AA3}.Release|Any CPU.Build.0 = Release|Any CPU
		{C4323E6E-3FF7-4BAD-B634-F2859F26A603}.Debug|Any CPU.ActiveCfg = Debug|Any CPU
		{C4323E6E-3FF7-4BAD-B634-F2859F26A603}.Debug|Any CPU.Build.0 = Debug|Any CPU
		{C4323E6E-3FF7-4BAD-B634-F2859F26A603}.Release|Any CPU.ActiveCfg = Release|Any CPU
		{C4323E6E-3FF7-4BAD-B634-F2859F26A603}.Release|Any CPU.Build.0 = Release|Any CPU
		{A1E27FD3-40D9-4405-A01D-D4E71427AB2E}.Debug|Any CPU.ActiveCfg = Debug|Any CPU
		{A1E27FD3-40D9-4405-A01D-D4E71427AB2E}.Debug|Any CPU.Build.0 = Debug|Any CPU
		{A1E27FD3-40D9-4405-A01D-D4E71427AB2E}.Release|Any CPU.ActiveCfg = Release|Any CPU
		{A1E27FD3-40D9-4405-A01D-D4E71427AB2E}.Release|Any CPU.Build.0 = Release|Any CPU
	EndGlobalSection
	GlobalSection(SolutionProperties) = preSolution
		HideSolutionNode = FALSE
	EndGlobalSection
	GlobalSection(NestedProjects) = preSolution
		{8268A92D-8699-48D5-B99B-170CBBF3E919} = {0C0E58AE-31A8-415A-B74B-986FAEF2EDE9}
		{E5278907-490E-42FC-A31B-CA1CAE882AA3} = {0C0E58AE-31A8-415A-B74B-986FAEF2EDE9}
		{095A5E6B-2FE5-498A-AC4F-0AB92A7D514E} = {FAE3DBCB-4B30-4A86-BAB4-84C846C653B7}
		{C4323E6E-3FF7-4BAD-B634-F2859F26A603} = {095A5E6B-2FE5-498A-AC4F-0AB92A7D514E}
		{A1E27FD3-40D9-4405-A01D-D4E71427AB2E} = {095A5E6B-2FE5-498A-AC4F-0AB92A7D514E}
	EndGlobalSection
	GlobalSection(ExtensibilityGlobals) = postSolution
		SolutionGuid = {27D44049-0693-4B68-81C8-BED5C2783D95}
	EndGlobalSection
EndGlobal
