
Microsoft Visual Studio Solution File, Format Version 12.00
# Visual Studio Version 16
VisualStudioVersion = 16.0.30907.101
MinimumVisualStudioVersion = 10.0.40219.1
Project("{FAE04EC0-301F-11D3-BF4B-00C04F79EFBC}") = "Wpf-Lab2-Task2-RoutedEvent_2_2", "Wpf-Lab2-Task2-RoutedEvent_2_2\Wpf-Lab2-Task2-RoutedEvent_2_2.csproj", "{3F64B2AA-03A8-40ED-AF19-1E3EA24CCD76}"
EndProject
Global
	GlobalSection(SolutionConfigurationPlatforms) = preSolution
		Debug|Any CPU = Debug|Any CPU
		Release|Any CPU = Release|Any CPU
	EndGlobalSection
	GlobalSection(ProjectConfigurationPlatforms) = postSolution
		{3F64B2AA-03A8-40ED-AF19-1E3EA24CCD76}.Debug|Any CPU.ActiveCfg = Debug|Any CPU
		{3F64B2AA-03A8-40ED-AF19-1E3EA24CCD76}.Debug|Any CPU.Build.0 = Debug|Any CPU
		{3F64B2AA-03A8-40ED-AF19-1E3EA24CCD76}.Release|Any CPU.ActiveCfg = Release|Any CPU
		{3F64B2AA-03A8-40ED-AF19-1E3EA24CCD76}.Release|Any CPU.Build.0 = Release|Any CPU
	EndGlobalSection
	GlobalSection(SolutionProperties) = preSolution
		HideSolutionNode = FALSE
	EndGlobalSection
	GlobalSection(ExtensibilityGlobals) = postSolution
		SolutionGuid = {E03D0FD2-390A-40A0-84F6-1706BC42B747}
	EndGlobalSection
EndGlobal
