
Microsoft Visual Studio Solution File, Format Version 12.00
# Visual Studio Version 17
VisualStudioVersion = 17.0.31912.275
MinimumVisualStudioVersion = 10.0.40219.1
Project("{FAE04EC0-301F-11D3-BF4B-00C04F79EFBC}") = "ITMO.CSharp.Forms.Lab02.Exercise03.ToolStrip", "ITMO.CSharp.Forms.Lab01.Exercise04\ITMO.CSharp.Forms.Lab02.Exercise03.ToolStrip.csproj", "{FBB0ECF1-6908-4BCD-9992-896F6980E06D}"
EndProject
Global
	GlobalSection(SolutionConfigurationPlatforms) = preSolution
		Debug|Any CPU = Debug|Any CPU
		Release|Any CPU = Release|Any CPU
	EndGlobalSection
	GlobalSection(ProjectConfigurationPlatforms) = postSolution
		{FBB0ECF1-6908-4BCD-9992-896F6980E06D}.Debug|Any CPU.ActiveCfg = Debug|Any CPU
		{FBB0ECF1-6908-4BCD-9992-896F6980E06D}.Debug|Any CPU.Build.0 = Debug|Any CPU
		{FBB0ECF1-6908-4BCD-9992-896F6980E06D}.Release|Any CPU.ActiveCfg = Release|Any CPU
		{FBB0ECF1-6908-4BCD-9992-896F6980E06D}.Release|Any CPU.Build.0 = Release|Any CPU
	EndGlobalSection
	GlobalSection(SolutionProperties) = preSolution
		HideSolutionNode = FALSE
	EndGlobalSection
	GlobalSection(ExtensibilityGlobals) = postSolution
		SolutionGuid = {6D6EF790-3BD6-458E-9BFB-68B9A6BBCF83}
	EndGlobalSection
EndGlobal
