
Microsoft Visual Studio Solution File, Format Version 12.00
# Visual Studio Version 17
VisualStudioVersion = 17.0.31912.275
MinimumVisualStudioVersion = 10.0.40219.1
Project("{2150E333-8FDC-42A3-9474-1A3956D46DE8}") = "ITMO.CSharp.Forms.Lab01", "ITMO.CSharp.Forms.Lab01", "{A78A9718-E40E-4694-9669-EADB86EAD7E4}"
EndProject
Project("{2150E333-8FDC-42A3-9474-1A3956D46DE8}") = "ITMO.CSharp.Forms.Lab02", "ITMO.CSharp.Forms.Lab02", "{6D4C09D6-0C84-44E0-8F72-A7CCEAB43B21}"
EndProject
Project("{2150E333-8FDC-42A3-9474-1A3956D46DE8}") = "ITMO.CSharp.Forms.Lab03", "ITMO.CSharp.Forms.Lab03", "{CD5BA027-A4F8-426E-B9C9-A20E03D890FC}"
EndProject
Project("{2150E333-8FDC-42A3-9474-1A3956D46DE8}") = "ITMO.CSharp.Forms.Lab05", "ITMO.CSharp.Forms.Lab05", "{8FBF810A-F7B8-4C6E-BA84-A419E0289B7E}"
EndProject
Project("{2150E333-8FDC-42A3-9474-1A3956D46DE8}") = "ITMO.CSharp.Forms.Lab07", "ITMO.CSharp.Forms.Lab07", "{E3E5513C-2FDD-4B5D-8252-19AB0E6D7559}"
EndProject
Project("{FAE04EC0-301F-11D3-BF4B-00C04F79EFBC}") = "ITMO.CSharp.Forms.Lab01.Exercise01.RectangularShape", "ITMO.CSharp.Forms.Lab01\ITMO.CSharp.Forms.Lab01.Exercise01.RectangularForms\ITMO.CSharp.Forms.Lab01.Exercise01\ITMO.CSharp.Forms.Lab01.Exercise01.RectangularShape.csproj", "{9F562CF8-8DA3-4CBD-9B7C-FBA0CD3BB481}"
EndProject
Project("{FAE04EC0-301F-11D3-BF4B-00C04F79EFBC}") = "ITMO.CSharp.Forms.Lab01.Exercise02.NotRectangularShape", "ITMO.CSharp.Forms.Lab01\ITMO.CSharp.Forms.Lab01.Exercise02.NotRectangularForms\ITMO.CSharp.Forms.Lab01.Exercise02\ITMO.CSharp.Forms.Lab01.Exercise02.NotRectangularShape.csproj", "{4D21B27E-4822-4A27-AAFD-7B7B87025017}"
EndProject
Project("{FAE04EC0-301F-11D3-BF4B-00C04F79EFBC}") = "ITMO.CSharp.Forms.Lab01.Exercise03.ParentForm", "ITMO.CSharp.Forms.Lab01\ITMO.CSharp.Forms.Lab01.Exercise03. Inheritance\ITMO.CSharp.Forms.Lab01.Exercise03\ITMO.CSharp.Forms.Lab01.Exercise03.ParentForm.csproj", "{CE58DBE7-B175-40F0-87CD-A44785CF0090}"
EndProject
Project("{FAE04EC0-301F-11D3-BF4B-00C04F79EFBC}") = "ITMO.CSharp.Forms.Lab01.Exercise04.MDI", "ITMO.CSharp.Forms.Lab01\ITMO.CSharp.Forms.Lab01.Exercise04.MdiApplication\ITMO.CSharp.Forms.Lab01.Exercise04\ITMO.CSharp.Forms.Lab01.Exercise04.MDI.csproj", "{FBB0ECF1-6908-4BCD-9992-896F6980E06D}"
EndProject
Project("{FAE04EC0-301F-11D3-BF4B-00C04F79EFBC}") = "ITMO.CSharp.Forms.Lab01.Exercise05.ControlWorkApp1", "ITMO.CSharp.Forms.Lab01\ITMO.CSharp.Forms.Lab01.Exercise05.Control\ITMO.CSharp.Forms.Lab01.Exercise05.ControlWorkApp1\ITMO.CSharp.Forms.Lab01.Exercise05.ControlWorkApp1.csproj", "{F20470F6-1974-4FA9-B18D-BE2B10409DDD}"
EndProject
Project("{FAE04EC0-301F-11D3-BF4B-00C04F79EFBC}") = "ITMO.CSharp.Forms.Lab01.Exercise05.ControlWorkApp2", "ITMO.CSharp.Forms.Lab01\ITMO.CSharp.Forms.Lab01.Exercise05.Control\ITMO.CSharp.Forms.Lab01.Exercise05.ControlWorkApp2\ITMO.CSharp.Forms.Lab01.Exercise05.ControlWorkApp2.csproj", "{4758E190-17CB-414E-ACDE-3A86797AC5A9}"
EndProject
Project("{FAE04EC0-301F-11D3-BF4B-00C04F79EFBC}") = "ITMO.CSharp.Forms.Lab02.Exercise01.ClickAndMouseMove", "ITMO.CSharp.Forms.Lab02\ITMO.CSharp.Forms.Lab02.Exercise01.ClickAndMouseMove\ITMO.CSharp.Forms.Lab02.Exercise01\ITMO.CSharp.Forms.Lab02.Exercise01.ClickAndMouseMove.csproj", "{AC578B7E-3EA3-41B9-AF3F-F8B64EBD7D74}"
EndProject
Project("{FAE04EC0-301F-11D3-BF4B-00C04F79EFBC}") = "ITMO.CSharp.Forms.Lab02.Exercise02.Lists", "ITMO.CSharp.Forms.Lab02\ITMO.CSharp.Forms.Lab02.Exercise02.Lists\ITMO.CSharp.Forms.Lab02.Exercise02\ITMO.CSharp.Forms.Lab02.Exercise02.Lists.csproj", "{4F718B3B-FFA3-444D-91E3-B8CD8575D88A}"
EndProject
Project("{FAE04EC0-301F-11D3-BF4B-00C04F79EFBC}") = "ITMO.CSharp.Forms.Lab02.Exercise03.ToolStrip", "ITMO.CSharp.Forms.Lab02\ITMO.CSharp.Forms.Lab02.Exercise03.ToolStrip\ITMO.CSharp.Forms.Lab01.Exercise04\ITMO.CSharp.Forms.Lab02.Exercise03.ToolStrip.csproj", "{A8534C04-CB7D-41C2-87EA-C522263362B9}"
EndProject
Project("{FAE04EC0-301F-11D3-BF4B-00C04F79EFBC}") = "ITMO.CSharp.Forms.Lab02.Exercise04.StatusStrip", "ITMO.CSharp.Forms.Lab02\ITMO.CSharp.Forms.Lab02.Exercise04.StatusStrip\ITMO.CSharp.Forms.Lab01.Exercise04\ITMO.CSharp.Forms.Lab02.Exercise04.StatusStrip.csproj", "{652B1CF6-51F6-4C48-B15F-A70985A7A66A}"
EndProject
Project("{FAE04EC0-301F-11D3-BF4B-00C04F79EFBC}") = "ITMO.CSharp.Forms.Lab02.Exercise06.BiblWorm", "ITMO.CSharp.Forms.Lab02\ITMO.CSharp.Forms.Lab02.Exercise06.BiblWorm\ITMO.CSharp.Forms.Lab02.Exercise06.BiblWorm.csproj", "{CF1251D9-1ECB-4CF3-B932-6A8F44F73AC3}"
EndProject
Project("{FAE04EC0-301F-11D3-BF4B-00C04F79EFBC}") = "ITMO.CSharp.Forms.Lab02.Exercise07.RegistrationForm", "ITMO.CSharp.Forms.Lab02\ITMO.CSharp.Forms.Lab02.Exercise07.RegistrationForm\ITMO.CSharp.Forms.Lab02.Exercise07.RegistrationForm.csproj", "{021CC3FD-D566-4C4A-86BC-76FB675D43F2}"
EndProject
Project("{FAE04EC0-301F-11D3-BF4B-00C04F79EFBC}") = "ITMO.CSharp.Forms.Lab02.Exercise08.KeyPressAndValidatingAndErrorProvider", "ITMO.CSharp.Forms.Lab02\ITMO.CSharp.Forms.Lab02.Exercise08.KeyPressAndValidatingAndErrorProvider\ITMO.CSharp.Forms.Lab02.Exercise08.KeyPressAndValidatingAndErrorProvider.csproj", "{8924480A-5F10-4272-96C9-B7F348694B41}"
EndProject
Project("{FAE04EC0-301F-11D3-BF4B-00C04F79EFBC}") = "ITMO.CSharp.Forms.Lab02.Exercise09.Control", "ITMO.CSharp.Forms.Lab02\ITMO.CSharp.Forms.Lab02.Exercise09.Control\ITMO.CSharp.Forms.Lab02.Exercise09.Control.csproj", "{4A7E9512-27BD-41ED-846F-7D2A45FC4226}"
EndProject
Project("{FAE04EC0-301F-11D3-BF4B-00C04F79EFBC}") = "ITMO.CSharp.Forms.Lab03.Exercise01.WinTimer1", "ITMO.CSharp.Forms.Lab03\ITMO.CSharp.Forms.Lab03.Exercise01.WinTimer1\ITMO.CSharp.Forms.Lab03.Exercise01.WinTimer1.csproj", "{07F42941-50ED-4CCA-94F6-07DE09498733}"
EndProject
Project("{FAE04EC0-301F-11D3-BF4B-00C04F79EFBC}") = "ITMO.CSharp.Forms.Lab03.Exercise02.WinTimer2", "ITMO.CSharp.Forms.Lab03\ITMO.CSharp.Forms.Lab03.Exercise01.WinTimer2\ITMO.CSharp.Forms.Lab03.Exercise02.WinTimer2.csproj", "{4064373C-5ADB-452E-A104-EA85091C4323}"
EndProject
Project("{FAE04EC0-301F-11D3-BF4B-00C04F79EFBC}") = "ITMO.CSharp.Forms.Lab05.Exercise01.Excel", "ITMO.CSharp.Forms.Lab05\ITMO.CSharp.Forms.Lab05.Exercise01\ITMO.CSharp.Forms.Lab05.Exercise01\ITMO.CSharp.Forms.Lab05.Exercise01.Excel.csproj", "{C7142654-1BE7-405C-94C4-FEE3CFF593D6}"
EndProject
Project("{FAE04EC0-301F-11D3-BF4B-00C04F79EFBC}") = "ITMO.CSharp.Forms.Lab05.Exercise03.WinAnim", "ITMO.CSharp.Forms.Lab05\ITMO.CSharp.Forms.Lab05.Exercise03\ITMO.CSharp.Forms.Lab05.Exercise03\ITMO.CSharp.Forms.Lab05.Exercise03.WinAnim.csproj", "{82780990-0910-447D-B4E2-4B0AEFB65AA2}"
EndProject
Project("{FAE04EC0-301F-11D3-BF4B-00C04F79EFBC}") = "ITMO.CSharp.Forms.Lab07.Exercise01.WinBackgroundWorker", "ITMO.CSharp.Forms.Lab07\ITMO.CSharp.Forms.Lab07.Exercise01\ITMO.CSharp.Forms.Lab07.Exercise01\ITMO.CSharp.Forms.Lab07.Exercise01.WinBackgroundWorker.csproj", "{EB78481F-824C-4103-AB41-23A4A8F9BC49}"
EndProject
Project("{FAE04EC0-301F-11D3-BF4B-00C04F79EFBC}") = "ITMO.CSharp.Forms.Lab07.Exercise02.WinAsynchDelegate", "ITMO.CSharp.Forms.Lab07\ITMO.CSharp.Forms.Lab07.Exercise02\WinAsynchDelegate\ITMO.CSharp.Forms.Lab07.Exercise02.WinAsynchDelegate.csproj", "{1AB6276E-545A-4C07-836A-A836B6E8A429}"
EndProject
Project("{FAE04EC0-301F-11D3-BF4B-00C04F79EFBC}") = "ITMO.CSharp.Forms.Lab02.Exercise05.WinContainer", "ITMO.CSharp.Forms.Lab02\ITMO.CSharp.Forms.Lab02.Exercise05.WinContainer\ITMO.CSharp.Forms.Lab02.Exercise05.WinContainer.csproj", "{07F66694-97A1-4691-9AAC-F89C4C516716}"
EndProject
Global
	GlobalSection(SolutionConfigurationPlatforms) = preSolution
		Debug|Any CPU = Debug|Any CPU
		Release|Any CPU = Release|Any CPU
	EndGlobalSection
	GlobalSection(ProjectConfigurationPlatforms) = postSolution
		{9F562CF8-8DA3-4CBD-9B7C-FBA0CD3BB481}.Debug|Any CPU.ActiveCfg = Debug|Any CPU
		{9F562CF8-8DA3-4CBD-9B7C-FBA0CD3BB481}.Debug|Any CPU.Build.0 = Debug|Any CPU
		{9F562CF8-8DA3-4CBD-9B7C-FBA0CD3BB481}.Release|Any CPU.ActiveCfg = Release|Any CPU
		{9F562CF8-8DA3-4CBD-9B7C-FBA0CD3BB481}.Release|Any CPU.Build.0 = Release|Any CPU
		{4D21B27E-4822-4A27-AAFD-7B7B87025017}.Debug|Any CPU.ActiveCfg = Debug|Any CPU
		{4D21B27E-4822-4A27-AAFD-7B7B87025017}.Debug|Any CPU.Build.0 = Debug|Any CPU
		{4D21B27E-4822-4A27-AAFD-7B7B87025017}.Release|Any CPU.ActiveCfg = Release|Any CPU
		{4D21B27E-4822-4A27-AAFD-7B7B87025017}.Release|Any CPU.Build.0 = Release|Any CPU
		{CE58DBE7-B175-40F0-87CD-A44785CF0090}.Debug|Any CPU.ActiveCfg = Debug|Any CPU
		{CE58DBE7-B175-40F0-87CD-A44785CF0090}.Debug|Any CPU.Build.0 = Debug|Any CPU
		{CE58DBE7-B175-40F0-87CD-A44785CF0090}.Release|Any CPU.ActiveCfg = Release|Any CPU
		{CE58DBE7-B175-40F0-87CD-A44785CF0090}.Release|Any CPU.Build.0 = Release|Any CPU
		{FBB0ECF1-6908-4BCD-9992-896F6980E06D}.Debug|Any CPU.ActiveCfg = Debug|Any CPU
		{FBB0ECF1-6908-4BCD-9992-896F6980E06D}.Debug|Any CPU.Build.0 = Debug|Any CPU
		{FBB0ECF1-6908-4BCD-9992-896F6980E06D}.Release|Any CPU.ActiveCfg = Release|Any CPU
		{FBB0ECF1-6908-4BCD-9992-896F6980E06D}.Release|Any CPU.Build.0 = Release|Any CPU
		{F20470F6-1974-4FA9-B18D-BE2B10409DDD}.Debug|Any CPU.ActiveCfg = Debug|Any CPU
		{F20470F6-1974-4FA9-B18D-BE2B10409DDD}.Debug|Any CPU.Build.0 = Debug|Any CPU
		{F20470F6-1974-4FA9-B18D-BE2B10409DDD}.Release|Any CPU.ActiveCfg = Release|Any CPU
		{F20470F6-1974-4FA9-B18D-BE2B10409DDD}.Release|Any CPU.Build.0 = Release|Any CPU
		{4758E190-17CB-414E-ACDE-3A86797AC5A9}.Debug|Any CPU.ActiveCfg = Debug|Any CPU
		{4758E190-17CB-414E-ACDE-3A86797AC5A9}.Debug|Any CPU.Build.0 = Debug|Any CPU
		{4758E190-17CB-414E-ACDE-3A86797AC5A9}.Release|Any CPU.ActiveCfg = Release|Any CPU
		{4758E190-17CB-414E-ACDE-3A86797AC5A9}.Release|Any CPU.Build.0 = Release|Any CPU
		{AC578B7E-3EA3-41B9-AF3F-F8B64EBD7D74}.Debug|Any CPU.ActiveCfg = Debug|Any CPU
		{AC578B7E-3EA3-41B9-AF3F-F8B64EBD7D74}.Debug|Any CPU.Build.0 = Debug|Any CPU
		{AC578B7E-3EA3-41B9-AF3F-F8B64EBD7D74}.Release|Any CPU.ActiveCfg = Release|Any CPU
		{AC578B7E-3EA3-41B9-AF3F-F8B64EBD7D74}.Release|Any CPU.Build.0 = Release|Any CPU
		{4F718B3B-FFA3-444D-91E3-B8CD8575D88A}.Debug|Any CPU.ActiveCfg = Debug|Any CPU
		{4F718B3B-FFA3-444D-91E3-B8CD8575D88A}.Debug|Any CPU.Build.0 = Debug|Any CPU
		{4F718B3B-FFA3-444D-91E3-B8CD8575D88A}.Release|Any CPU.ActiveCfg = Release|Any CPU
		{4F718B3B-FFA3-444D-91E3-B8CD8575D88A}.Release|Any CPU.Build.0 = Release|Any CPU
		{A8534C04-CB7D-41C2-87EA-C522263362B9}.Debug|Any CPU.ActiveCfg = Debug|Any CPU
		{A8534C04-CB7D-41C2-87EA-C522263362B9}.Debug|Any CPU.Build.0 = Debug|Any CPU
		{A8534C04-CB7D-41C2-87EA-C522263362B9}.Release|Any CPU.ActiveCfg = Release|Any CPU
		{A8534C04-CB7D-41C2-87EA-C522263362B9}.Release|Any CPU.Build.0 = Release|Any CPU
		{652B1CF6-51F6-4C48-B15F-A70985A7A66A}.Debug|Any CPU.ActiveCfg = Debug|Any CPU
		{652B1CF6-51F6-4C48-B15F-A70985A7A66A}.Debug|Any CPU.Build.0 = Debug|Any CPU
		{652B1CF6-51F6-4C48-B15F-A70985A7A66A}.Release|Any CPU.ActiveCfg = Release|Any CPU
		{652B1CF6-51F6-4C48-B15F-A70985A7A66A}.Release|Any CPU.Build.0 = Release|Any CPU
		{CF1251D9-1ECB-4CF3-B932-6A8F44F73AC3}.Debug|Any CPU.ActiveCfg = Debug|Any CPU
		{CF1251D9-1ECB-4CF3-B932-6A8F44F73AC3}.Debug|Any CPU.Build.0 = Debug|Any CPU
		{CF1251D9-1ECB-4CF3-B932-6A8F44F73AC3}.Release|Any CPU.ActiveCfg = Release|Any CPU
		{CF1251D9-1ECB-4CF3-B932-6A8F44F73AC3}.Release|Any CPU.Build.0 = Release|Any CPU
		{021CC3FD-D566-4C4A-86BC-76FB675D43F2}.Debug|Any CPU.ActiveCfg = Debug|Any CPU
		{021CC3FD-D566-4C4A-86BC-76FB675D43F2}.Debug|Any CPU.Build.0 = Debug|Any CPU
		{021CC3FD-D566-4C4A-86BC-76FB675D43F2}.Release|Any CPU.ActiveCfg = Release|Any CPU
		{021CC3FD-D566-4C4A-86BC-76FB675D43F2}.Release|Any CPU.Build.0 = Release|Any CPU
		{8924480A-5F10-4272-96C9-B7F348694B41}.Debug|Any CPU.ActiveCfg = Debug|Any CPU
		{8924480A-5F10-4272-96C9-B7F348694B41}.Debug|Any CPU.Build.0 = Debug|Any CPU
		{8924480A-5F10-4272-96C9-B7F348694B41}.Release|Any CPU.ActiveCfg = Release|Any CPU
		{8924480A-5F10-4272-96C9-B7F348694B41}.Release|Any CPU.Build.0 = Release|Any CPU
		{4A7E9512-27BD-41ED-846F-7D2A45FC4226}.Debug|Any CPU.ActiveCfg = Debug|Any CPU
		{4A7E9512-27BD-41ED-846F-7D2A45FC4226}.Debug|Any CPU.Build.0 = Debug|Any CPU
		{4A7E9512-27BD-41ED-846F-7D2A45FC4226}.Release|Any CPU.ActiveCfg = Release|Any CPU
		{4A7E9512-27BD-41ED-846F-7D2A45FC4226}.Release|Any CPU.Build.0 = Release|Any CPU
		{07F42941-50ED-4CCA-94F6-07DE09498733}.Debug|Any CPU.ActiveCfg = Debug|Any CPU
		{07F42941-50ED-4CCA-94F6-07DE09498733}.Debug|Any CPU.Build.0 = Debug|Any CPU
		{07F42941-50ED-4CCA-94F6-07DE09498733}.Release|Any CPU.ActiveCfg = Release|Any CPU
		{07F42941-50ED-4CCA-94F6-07DE09498733}.Release|Any CPU.Build.0 = Release|Any CPU
		{4064373C-5ADB-452E-A104-EA85091C4323}.Debug|Any CPU.ActiveCfg = Debug|Any CPU
		{4064373C-5ADB-452E-A104-EA85091C4323}.Debug|Any CPU.Build.0 = Debug|Any CPU
		{4064373C-5ADB-452E-A104-EA85091C4323}.Release|Any CPU.ActiveCfg = Release|Any CPU
		{4064373C-5ADB-452E-A104-EA85091C4323}.Release|Any CPU.Build.0 = Release|Any CPU
		{C7142654-1BE7-405C-94C4-FEE3CFF593D6}.Debug|Any CPU.ActiveCfg = Debug|Any CPU
		{C7142654-1BE7-405C-94C4-FEE3CFF593D6}.Debug|Any CPU.Build.0 = Debug|Any CPU
		{C7142654-1BE7-405C-94C4-FEE3CFF593D6}.Release|Any CPU.ActiveCfg = Release|Any CPU
		{C7142654-1BE7-405C-94C4-FEE3CFF593D6}.Release|Any CPU.Build.0 = Release|Any CPU
		{82780990-0910-447D-B4E2-4B0AEFB65AA2}.Debug|Any CPU.ActiveCfg = Debug|Any CPU
		{82780990-0910-447D-B4E2-4B0AEFB65AA2}.Debug|Any CPU.Build.0 = Debug|Any CPU
		{82780990-0910-447D-B4E2-4B0AEFB65AA2}.Release|Any CPU.ActiveCfg = Release|Any CPU
		{82780990-0910-447D-B4E2-4B0AEFB65AA2}.Release|Any CPU.Build.0 = Release|Any CPU
		{EB78481F-824C-4103-AB41-23A4A8F9BC49}.Debug|Any CPU.ActiveCfg = Debug|Any CPU
		{EB78481F-824C-4103-AB41-23A4A8F9BC49}.Debug|Any CPU.Build.0 = Debug|Any CPU
		{EB78481F-824C-4103-AB41-23A4A8F9BC49}.Release|Any CPU.ActiveCfg = Release|Any CPU
		{EB78481F-824C-4103-AB41-23A4A8F9BC49}.Release|Any CPU.Build.0 = Release|Any CPU
		{1AB6276E-545A-4C07-836A-A836B6E8A429}.Debug|Any CPU.ActiveCfg = Debug|Any CPU
		{1AB6276E-545A-4C07-836A-A836B6E8A429}.Debug|Any CPU.Build.0 = Debug|Any CPU
		{1AB6276E-545A-4C07-836A-A836B6E8A429}.Release|Any CPU.ActiveCfg = Release|Any CPU
		{1AB6276E-545A-4C07-836A-A836B6E8A429}.Release|Any CPU.Build.0 = Release|Any CPU
		{07F66694-97A1-4691-9AAC-F89C4C516716}.Debug|Any CPU.ActiveCfg = Debug|Any CPU
		{07F66694-97A1-4691-9AAC-F89C4C516716}.Debug|Any CPU.Build.0 = Debug|Any CPU
		{07F66694-97A1-4691-9AAC-F89C4C516716}.Release|Any CPU.ActiveCfg = Release|Any CPU
		{07F66694-97A1-4691-9AAC-F89C4C516716}.Release|Any CPU.Build.0 = Release|Any CPU
	EndGlobalSection
	GlobalSection(SolutionProperties) = preSolution
		HideSolutionNode = FALSE
	EndGlobalSection
	GlobalSection(NestedProjects) = preSolution
		{9F562CF8-8DA3-4CBD-9B7C-FBA0CD3BB481} = {A78A9718-E40E-4694-9669-EADB86EAD7E4}
		{4D21B27E-4822-4A27-AAFD-7B7B87025017} = {A78A9718-E40E-4694-9669-EADB86EAD7E4}
		{CE58DBE7-B175-40F0-87CD-A44785CF0090} = {A78A9718-E40E-4694-9669-EADB86EAD7E4}
		{FBB0ECF1-6908-4BCD-9992-896F6980E06D} = {A78A9718-E40E-4694-9669-EADB86EAD7E4}
		{F20470F6-1974-4FA9-B18D-BE2B10409DDD} = {A78A9718-E40E-4694-9669-EADB86EAD7E4}
		{4758E190-17CB-414E-ACDE-3A86797AC5A9} = {A78A9718-E40E-4694-9669-EADB86EAD7E4}
		{AC578B7E-3EA3-41B9-AF3F-F8B64EBD7D74} = {6D4C09D6-0C84-44E0-8F72-A7CCEAB43B21}
		{4F718B3B-FFA3-444D-91E3-B8CD8575D88A} = {6D4C09D6-0C84-44E0-8F72-A7CCEAB43B21}
		{A8534C04-CB7D-41C2-87EA-C522263362B9} = {6D4C09D6-0C84-44E0-8F72-A7CCEAB43B21}
		{652B1CF6-51F6-4C48-B15F-A70985A7A66A} = {6D4C09D6-0C84-44E0-8F72-A7CCEAB43B21}
		{CF1251D9-1ECB-4CF3-B932-6A8F44F73AC3} = {6D4C09D6-0C84-44E0-8F72-A7CCEAB43B21}
		{021CC3FD-D566-4C4A-86BC-76FB675D43F2} = {6D4C09D6-0C84-44E0-8F72-A7CCEAB43B21}
		{8924480A-5F10-4272-96C9-B7F348694B41} = {6D4C09D6-0C84-44E0-8F72-A7CCEAB43B21}
		{4A7E9512-27BD-41ED-846F-7D2A45FC4226} = {6D4C09D6-0C84-44E0-8F72-A7CCEAB43B21}
		{07F42941-50ED-4CCA-94F6-07DE09498733} = {CD5BA027-A4F8-426E-B9C9-A20E03D890FC}
		{4064373C-5ADB-452E-A104-EA85091C4323} = {CD5BA027-A4F8-426E-B9C9-A20E03D890FC}
		{C7142654-1BE7-405C-94C4-FEE3CFF593D6} = {8FBF810A-F7B8-4C6E-BA84-A419E0289B7E}
		{82780990-0910-447D-B4E2-4B0AEFB65AA2} = {8FBF810A-F7B8-4C6E-BA84-A419E0289B7E}
		{EB78481F-824C-4103-AB41-23A4A8F9BC49} = {E3E5513C-2FDD-4B5D-8252-19AB0E6D7559}
		{1AB6276E-545A-4C07-836A-A836B6E8A429} = {E3E5513C-2FDD-4B5D-8252-19AB0E6D7559}
		{07F66694-97A1-4691-9AAC-F89C4C516716} = {6D4C09D6-0C84-44E0-8F72-A7CCEAB43B21}
	EndGlobalSection
	GlobalSection(ExtensibilityGlobals) = postSolution
		SolutionGuid = {565EC755-9A3B-4DC4-A094-03E165196FD8}
	EndGlobalSection
EndGlobal
