
Microsoft Visual Studio Solution File, Format Version 12.00
# Visual Studio Version 17
VisualStudioVersion = 17.0.31912.275
MinimumVisualStudioVersion = 10.0.40219.1
Project("{2150E333-8FDC-42A3-9474-1A3956D46DE8}") = "ITMO.CSharp.WPF.Lab01", "ITMO.CSharp.WPF.Lab01", "{DE92742A-1BC4-4A9F-8E5D-991B5D23B076}"
EndProject
Project("{FAE04EC0-301F-11D3-BF4B-00C04F79EFBC}") = "ITMO.CSharp.WPF.Lab01.Exercise01.SimpleApplication", "ITMO.CSharp.WPF.Lab01\ITMO.CSharp.WPF.Lab01.Exercise01.SimpleApplication\ITMO.CSharp.WPF.Lab01.Exercise01.SimpleApplication.csproj", "{357D2071-F95B-45EA-A1C4-74D956F5C122}"
EndProject
Project("{2150E333-8FDC-42A3-9474-1A3956D46DE8}") = "ITMO.CSharp.WPF.Lab02", "ITMO.CSharp.WPF.Lab02", "{4AC81A0D-E7AD-4D49-9642-1297AEDF642A}"
EndProject
Project("{2150E333-8FDC-42A3-9474-1A3956D46DE8}") = "ITMO.CSharp.WPF.Lab04", "ITMO.CSharp.WPF.Lab04", "{307493E7-8F0E-4536-9508-E49416910C07}"
EndProject
Project("{2150E333-8FDC-42A3-9474-1A3956D46DE8}") = "ITMO.CSharp.WPF.Lab09", "ITMO.CSharp.WPF.Lab09", "{92AF9A57-63E8-4257-A9AD-37A2DD003E4A}"
EndProject
Project("{FAE04EC0-301F-11D3-BF4B-00C04F79EFBC}") = "ITMO.CSharp.WPF.Lab01.Exercise03.WpfHello", "ITMO.CSharp.WPF.Lab01\ITMO.CSharp.WPF.Lab01.Exercise03.WpfHello\ITMO.CSharp.WPF.Lab01.Exercise03.WpfHello.csproj", "{9683BD9F-12A8-4C85-96EB-B249D9C702F6}"
EndProject
Project("{FAE04EC0-301F-11D3-BF4B-00C04F79EFBC}") = "ITMO.CSharp.WPF.Lab01.Exercise04.WpfHello", "ITMO.CSharp.WPF.Lab01\ITMO.CSharp.WPF.Lab01.Exercise04.WpfHello\ITMO.CSharp.WPF.Lab01.Exercise04.WpfHello.csproj", "{EB37CEE0-4291-43B4-8895-70918AB293D8}"
EndProject
Project("{FAE04EC0-301F-11D3-BF4B-00C04F79EFBC}") = "ITMO.CSharp.WPF.Lab01.Exercise02.WpfHelloNav", "ITMO.CSharp.WPF.Lab01\ITMO.CSharp.WPF.Lab01.Exercise02.WpfHelloNav\ITMO.CSharp.WPF.Lab01.Exercise02.WpfHelloNav.csproj", "{02AAFBC0-92A0-4B40-833E-85DDA92AC432}"
EndProject
Global
	GlobalSection(SolutionConfigurationPlatforms) = preSolution
		Debug|Any CPU = Debug|Any CPU
		Release|Any CPU = Release|Any CPU
	EndGlobalSection
	GlobalSection(ProjectConfigurationPlatforms) = postSolution
		{357D2071-F95B-45EA-A1C4-74D956F5C122}.Debug|Any CPU.ActiveCfg = Debug|Any CPU
		{357D2071-F95B-45EA-A1C4-74D956F5C122}.Debug|Any CPU.Build.0 = Debug|Any CPU
		{357D2071-F95B-45EA-A1C4-74D956F5C122}.Release|Any CPU.ActiveCfg = Release|Any CPU
		{357D2071-F95B-45EA-A1C4-74D956F5C122}.Release|Any CPU.Build.0 = Release|Any CPU
		{9683BD9F-12A8-4C85-96EB-B249D9C702F6}.Debug|Any CPU.ActiveCfg = Debug|Any CPU
		{9683BD9F-12A8-4C85-96EB-B249D9C702F6}.Debug|Any CPU.Build.0 = Debug|Any CPU
		{9683BD9F-12A8-4C85-96EB-B249D9C702F6}.Release|Any CPU.ActiveCfg = Release|Any CPU
		{9683BD9F-12A8-4C85-96EB-B249D9C702F6}.Release|Any CPU.Build.0 = Release|Any CPU
		{EB37CEE0-4291-43B4-8895-70918AB293D8}.Debug|Any CPU.ActiveCfg = Debug|Any CPU
		{EB37CEE0-4291-43B4-8895-70918AB293D8}.Debug|Any CPU.Build.0 = Debug|Any CPU
		{EB37CEE0-4291-43B4-8895-70918AB293D8}.Release|Any CPU.ActiveCfg = Release|Any CPU
		{EB37CEE0-4291-43B4-8895-70918AB293D8}.Release|Any CPU.Build.0 = Release|Any CPU
		{02AAFBC0-92A0-4B40-833E-85DDA92AC432}.Debug|Any CPU.ActiveCfg = Debug|Any CPU
		{02AAFBC0-92A0-4B40-833E-85DDA92AC432}.Debug|Any CPU.Build.0 = Debug|Any CPU
		{02AAFBC0-92A0-4B40-833E-85DDA92AC432}.Release|Any CPU.ActiveCfg = Release|Any CPU
		{02AAFBC0-92A0-4B40-833E-85DDA92AC432}.Release|Any CPU.Build.0 = Release|Any CPU
	EndGlobalSection
	GlobalSection(SolutionProperties) = preSolution
		HideSolutionNode = FALSE
	EndGlobalSection
	GlobalSection(NestedProjects) = preSolution
		{357D2071-F95B-45EA-A1C4-74D956F5C122} = {DE92742A-1BC4-4A9F-8E5D-991B5D23B076}
		{9683BD9F-12A8-4C85-96EB-B249D9C702F6} = {DE92742A-1BC4-4A9F-8E5D-991B5D23B076}
		{EB37CEE0-4291-43B4-8895-70918AB293D8} = {DE92742A-1BC4-4A9F-8E5D-991B5D23B076}
		{02AAFBC0-92A0-4B40-833E-85DDA92AC432} = {DE92742A-1BC4-4A9F-8E5D-991B5D23B076}
	EndGlobalSection
	GlobalSection(ExtensibilityGlobals) = postSolution
		SolutionGuid = {41A70D48-CA7F-445D-8FBA-00557B72FFAA}
	EndGlobalSection
EndGlobal
